// !$*UTF8*$!
{
	archiveVersion = 1;
	classes = {
	};
	objectVersion = 77;
	objects = {

/* Begin PBXContainerItemProxy section */
		95B45F502D8EB9E500220C32 /* PBXContainerItemProxy */ = {
			isa = PBXContainerItemProxy;
			containerPortal = 95B45F352D8EB9E200220C32 /* Project object */;
			proxyType = 1;
			remoteGlobalIDString = 95B45F3C2D8EB9E200220C32;
			remoteInfo = SendMoneyApp;
		};
		95B45F5A2D8EB9E500220C32 /* PBXContainerItemProxy */ = {
			isa = PBXContainerItemProxy;
			containerPortal = 95B45F352D8EB9E200220C32 /* Project object */;
			proxyType = 1;
			remoteGlobalIDString = 95B45F3C2D8EB9E200220C32;
			remoteInfo = SendMoneyApp;
		};
/* End PBXContainerItemProxy section */

/* Begin PBXFileReference section */
		95B45F3D2D8EB9E200220C32 /* SendMoneyApp.app */ = {isa = PBXFileReference; explicitFileType = wrapper.application; includeInIndex = 0; path = SendMoneyApp.app; sourceTree = BUILT_PRODUCTS_DIR; };
		95B45F4F2D8EB9E500220C32 /* SendMoneyAppTests.xctest */ = {isa = PBXFileReference; explicitFileType = wrapper.cfbundle; includeInIndex = 0; path = SendMoneyAppTests.xctest; sourceTree = BUILT_PRODUCTS_DIR; };
		95B45F592D8EB9E500220C32 /* SendMoneyAppUITests.xctest */ = {isa = PBXFileReference; explicitFileType = wrapper.cfbundle; includeInIndex = 0; path = SendMoneyAppUITests.xctest; sourceTree = BUILT_PRODUCTS_DIR; };
/* End PBXFileReference section */

/* Begin PBXFileSystemSynchronizedBuildFileExceptionSet section */
		95B45F8A2D8ECC0000220C32 /* Exceptions for "SendMoneyApp" folder in "SendMoneyApp" target */ = {
			isa = PBXFileSystemSynchronizedBuildFileExceptionSet;
			membershipExceptions = (
				README.md,
			);
			target = 95B45F3C2D8EB9E200220C32 /* SendMoneyApp */;
		};
/* End PBXFileSystemSynchronizedBuildFileExceptionSet section */

/* Begin PBXFileSystemSynchronizedGroupBuildPhaseMembershipExceptionSet section */
		95E4F5872D8F2B95000E73B6 /* Exceptions for "SendMoneyApp" folder in "Copy Bundle Resources" phase from "SendMoneyApp" target */ = {
			isa = PBXFileSystemSynchronizedGroupBuildPhaseMembershipExceptionSet;
			buildPhase = 95B45F3B2D8EB9E200220C32 /* Resources */;
			membershipExceptions = (
				Utils/Extensions.swift,
			);
		};
/* End PBXFileSystemSynchronizedGroupBuildPhaseMembershipExceptionSet section */

/* Begin PBXFileSystemSynchronizedRootGroup section */
		95B45F3F2D8EB9E200220C32 /* SendMoneyApp */ = {
			isa = PBXFileSystemSynchronizedRootGroup;
			exceptions = (
				95B45F8A2D8ECC0000220C32 /* Exceptions for "SendMoneyApp" folder in "SendMoneyApp" target */,
				95E4F5872D8F2B95000E73B6 /* Exceptions for "SendMoneyApp" folder in "Copy Bundle Resources" phase from "SendMoneyApp" target */,
			);
			path = SendMoneyApp;
			sourceTree = "<group>";
		};
		95B45F522D8EB9E500220C32 /* SendMoneyAppTests */ = {
			isa = PBXFileSystemSynchronizedRootGroup;
			path = SendMoneyAppTests;
			sourceTree = "<group>";
		};
		95B45F5C2D8EB9E500220C32 /* SendMoneyAppUITests */ = {
			isa = PBXFileSystemSynchronizedRootGroup;
			path = SendMoneyAppUITests;
			sourceTree = "<group>";
		};
/* End PBXFileSystemSynchronizedRootGroup section */

/* Begin PBXFrameworksBuildPhase section */
		95B45F3A2D8EB9E200220C32 /* Frameworks */ = {
			isa = PBXFrameworksBuildPhase;
			buildActionMask = 2147483647;
			files = (
			);
			runOnlyForDeploymentPostprocessing = 0;
		};
		95B45F4C2D8EB9E500220C32 /* Frameworks */ = {
			isa = PBXFrameworksBuildPhase;
			buildActionMask = 2147483647;
			files = (
			);
			runOnlyForDeploymentPostprocessing = 0;
		};
		95B45F562D8EB9E500220C32 /* Frameworks */ = {
			isa = PBXFrameworksBuildPhase;
			buildActionMask = 2147483647;
			files = (
			);
			runOnlyForDeploymentPostprocessing = 0;
		};
/* End PBXFrameworksBuildPhase section */

/* Begin PBXGroup section */
		95B45F342D8EB9E200220C32 = {
			isa = PBXGroup;
			children = (
				95B45F3F2D8EB9E200220C32 /* SendMoneyApp */,
				95B45F522D8EB9E500220C32 /* SendMoneyAppTests */,
				95B45F5C2D8EB9E500220C32 /* SendMoneyAppUITests */,
				95B45F3E2D8EB9E200220C32 /* Products */,
			);
			sourceTree = "<group>";
		};
		95B45F3E2D8EB9E200220C32 /* Products */ = {
			isa = PBXGroup;
			children = (
				95B45F3D2D8EB9E200220C32 /* SendMoneyApp.app */,
				95B45F4F2D8EB9E500220C32 /* SendMoneyAppTests.xctest */,
				95B45F592D8EB9E500220C32 /* SendMoneyAppUITests.xctest */,
			);
			name = Products;
			sourceTree = "<group>";
		};
/* End PBXGroup section */

/* Begin PBXNativeTarget section */
		95B45F3C2D8EB9E200220C32 /* SendMoneyApp */ = {
			isa = PBXNativeTarget;
			buildConfigurationList = 95B45F632D8EB9E500220C32 /* Build configuration list for PBXNativeTarget "SendMoneyApp" */;
			buildPhases = (
				95B45F392D8EB9E200220C32 /* Sources */,
				95B45F3A2D8EB9E200220C32 /* Frameworks */,
				95B45F3B2D8EB9E200220C32 /* Resources */,
			);
			buildRules = (
			);
			dependencies = (
			);
			fileSystemSynchronizedGroups = (
				95B45F3F2D8EB9E200220C32 /* SendMoneyApp */,
			);
			name = SendMoneyApp;
			packageProductDependencies = (
			);
			productName = SendMoneyApp;
			productReference = 95B45F3D2D8EB9E200220C32 /* SendMoneyApp.app */;
			productType = "com.apple.product-type.application";
		};
		95B45F4E2D8EB9E500220C32 /* SendMoneyAppTests */ = {
			isa = PBXNativeTarget;
			buildConfigurationList = 95B45F662D8EB9E500220C32 /* Build configuration list for PBXNativeTarget "SendMoneyAppTests" */;
			buildPhases = (
				95B45F4B2D8EB9E500220C32 /* Sources */,
				95B45F4C2D8EB9E500220C32 /* Frameworks */,
				95B45F4D2D8EB9E500220C32 /* Resources */,
			);
			buildRules = (
			);
			dependencies = (
				95B45F512D8EB9E500220C32 /* PBXTargetDependency */,
			);
			fileSystemSynchronizedGroups = (
				95B45F522D8EB9E500220C32 /* SendMoneyAppTests */,
			);
			name = SendMoneyAppTests;
			packageProductDependencies = (
			);
			productName = SendMoneyAppTests;
			productReference = 95B45F4F2D8EB9E500220C32 /* SendMoneyAppTests.xctest */;
			productType = "com.apple.product-type.bundle.unit-test";
		};
		95B45F582D8EB9E500220C32 /* SendMoneyAppUITests */ = {
			isa = PBXNativeTarget;
			buildConfigurationList = 95B45F692D8EB9E500220C32 /* Build configuration list for PBXNativeTarget "SendMoneyAppUITests" */;
			buildPhases = (
				95B45F552D8EB9E500220C32 /* Sources */,
				95B45F562D8EB9E500220C32 /* Frameworks */,
				95B45F572D8EB9E500220C32 /* Resources */,
			);
			buildRules = (
			);
			dependencies = (
				95B45F5B2D8EB9E500220C32 /* PBXTargetDependency */,
			);
			fileSystemSynchronizedGroups = (
				95B45F5C2D8EB9E500220C32 /* SendMoneyAppUITests */,
			);
			name = SendMoneyAppUITests;
			packageProductDependencies = (
			);
			productName = SendMoneyAppUITests;
			productReference = 95B45F592D8EB9E500220C32 /* SendMoneyAppUITests.xctest */;
			productType = "com.apple.product-type.bundle.ui-testing";
		};
/* End PBXNativeTarget section */

/* Begin PBXProject section */
		95B45F352D8EB9E200220C32 /* Project object */ = {
			isa = PBXProject;
			attributes = {
				BuildIndependentTargetsInParallel = 1;
				LastSwiftUpdateCheck = 1620;
				LastUpgradeCheck = 1620;
				TargetAttributes = {
					95B45F3C2D8EB9E200220C32 = {
						CreatedOnToolsVersion = 16.2;
					};
					95B45F4E2D8EB9E500220C32 = {
						CreatedOnToolsVersion = 16.2;
						TestTargetID = 95B45F3C2D8EB9E200220C32;
					};
					95B45F582D8EB9E500220C32 = {
						CreatedOnToolsVersion = 16.2;
						TestTargetID = 95B45F3C2D8EB9E200220C32;
					};
				};
			};
			buildConfigurationList = 95B45F382D8EB9E200220C32 /* Build configuration list for PBXProject "SendMoneyApp" */;
			developmentRegion = en;
			hasScannedForEncodings = 0;
			knownRegions = (
				en,
				Base,
				ar,
			);
			mainGroup = 95B45F342D8EB9E200220C32;
			minimizedProjectReferenceProxies = 1;
			preferredProjectObjectVersion = 77;
			productRefGroup = 95B45F3E2D8EB9E200220C32 /* Products */;
			projectDirPath = "";
			projectRoot = "";
			targets = (
				95B45F3C2D8EB9E200220C32 /* SendMoneyApp */,
				95B45F4E2D8EB9E500220C32 /* SendMoneyAppTests */,
				95B45F582D8EB9E500220C32 /* SendMoneyAppUITests */,
			);
		};
/* End PBXProject section */

/* Begin PBXResourcesBuildPhase section */
		95B45F3B2D8EB9E200220C32 /* Resources */ = {
			isa = PBXResourcesBuildPhase;
			buildActionMask = 2147483647;
			files = (
			);
			runOnlyForDeploymentPostprocessing = 0;
		};
		95B45F4D2D8EB9E500220C32 /* Resources */ = {
			isa = PBXResourcesBuildPhase;
			buildActionMask = 2147483647;
			files = (
			);
			runOnlyForDeploymentPostprocessing = 0;
		};
		95B45F572D8EB9E500220C32 /* Resources */ = {
			isa = PBXResourcesBuildPhase;
			buildActionMask = 2147483647;
			files = (
			);
			runOnlyForDeploymentPostprocessing = 0;
		};
/* End PBXResourcesBuildPhase section */

/* Begin PBXSourcesBuildPhase section */
		95B45F392D8EB9E200220C32 /* Sources */ = {
			isa = PBXSourcesBuildPhase;
			buildActionMask = 2147483647;
			files = (
			);
			runOnlyForDeploymentPostprocessing = 0;
		};
		95B45F4B2D8EB9E500220C32 /* Sources */ = {
			isa = PBXSourcesBuildPhase;
			buildActionMask = 2147483647;
			files = (
			);
			runOnlyForDeploymentPostprocessing = 0;
		};
		95B45F552D8EB9E500220C32 /* Sources */ = {
			isa = PBXSourcesBuildPhase;
			buildActionMask = 2147483647;
			files = (
			);
			runOnlyForDeploymentPostprocessing = 0;
		};
/* End PBXSourcesBuildPhase section */

/* Begin PBXTargetDependency section */
		95B45F512D8EB9E500220C32 /* PBXTargetDependency */ = {
			isa = PBXTargetDependency;
			target = 95B45F3C2D8EB9E200220C32 /* SendMoneyApp */;
			targetProxy = 95B45F502D8EB9E500220C32 /* PBXContainerItemProxy */;
		};
		95B45F5B2D8EB9E500220C32 /* PBXTargetDependency */ = {
			isa = PBXTargetDependency;
			target = 95B45F3C2D8EB9E200220C32 /* SendMoneyApp */;
			targetProxy = 95B45F5A2D8EB9E500220C32 /* PBXContainerItemProxy */;
		};
/* End PBXTargetDependency section */

/* Begin XCBuildConfiguration section */
		95B45F612D8EB9E500220C32 /* Debug */ = {
			isa = XCBuildConfiguration;
			buildSettings = {
				ALWAYS_SEARCH_USER_PATHS = NO;
				ASSETCATALOG_COMPILER_GENERATE_SWIFT_ASSET_SYMBOL_EXTENSIONS = YES;
				CLANG_ANALYZER_NONNULL = YES;
				CLANG_ANALYZER_NUMBER_OBJECT_CONVERSION = YES_AGGRESSIVE;
				CLANG_CXX_LANGUAGE_STANDARD = "gnu++20";
				CLANG_ENABLE_MODULES = YES;
				CLANG_ENABLE_OBJC_ARC = YES;
				CLANG_ENABLE_OBJC_WEAK = YES;
				CLANG_WARN_BLOCK_CAPTURE_AUTORELEASING = YES;
				CLANG_WARN_BOOL_CONVERSION = YES;
				CLANG_WARN_COMMA = YES;
				CLANG_WARN_CONSTANT_CONVERSION = YES;
				CLANG_WARN_DEPRECATED_OBJC_IMPLEMENTATIONS = YES;
				CLANG_WARN_DIRECT_OBJC_ISA_USAGE = YES_ERROR;
				CLANG_WARN_DOCUMENTATION_COMMENTS = YES;
				CLANG_WARN_EMPTY_BODY = YES;
				CLANG_WARN_ENUM_CONVERSION = YES;
				CLANG_WARN_INFINITE_RECURSION = YES;
				CLANG_WARN_INT_CONVERSION = YES;
				CLANG_WARN_NON_LITERAL_NULL_CONVERSION = YES;
				CLANG_WARN_OBJC_IMPLICIT_RETAIN_SELF = YES;
				CLANG_WARN_OBJC_LITERAL_CONVERSION = YES;
				CLANG_WARN_OBJC_ROOT_CLASS = YES_ERROR;
				CLANG_WARN_QUOTED_INCLUDE_IN_FRAMEWORK_HEADER = YES;
				CLANG_WARN_RANGE_LOOP_ANALYSIS = YES;
				CLANG_WARN_STRICT_PROTOTYPES = YES;
				CLANG_WARN_SUSPICIOUS_MOVE = YES;
				CLANG_WARN_UNGUARDED_AVAILABILITY = YES_AGGRESSIVE;
				CLANG_WARN_UNREACHABLE_CODE = YES;
				CLANG_WARN__DUPLICATE_METHOD_MATCH = YES;
				COPY_PHASE_STRIP = NO;
				DEBUG_INFORMATION_FORMAT = dwarf;
				ENABLE_STRICT_OBJC_MSGSEND = YES;
				ENABLE_TESTABILITY = YES;
				ENABLE_USER_SCRIPT_SANDBOXING = YES;
				GCC_C_LANGUAGE_STANDARD = gnu17;
				GCC_DYNAMIC_NO_PIC = NO;
				GCC_NO_COMMON_BLOCKS = YES;
				GCC_OPTIMIZATION_LEVEL = 0;
				GCC_PREPROCESSOR_DEFINITIONS = (
					"DEBUG=1",
					"$(inherited)",
				);
				GCC_WARN_64_TO_32_BIT_CONVERSION = YES;
				GCC_WARN_ABOUT_RETURN_TYPE = YES_ERROR;
				GCC_WARN_UNDECLARED_SELECTOR = YES;
				GCC_WARN_UNINITIALIZED_AUTOS = YES_AGGRESSIVE;
				GCC_WARN_UNUSED_FUNCTION = YES;
				GCC_WARN_UNUSED_VARIABLE = YES;
				IPHONEOS_DEPLOYMENT_TARGET = 18.2;
				LOCALIZATION_PREFERS_STRING_CATALOGS = YES;
				MTL_ENABLE_DEBUG_INFO = INCLUDE_SOURCE;
				MTL_FAST_MATH = YES;
				ONLY_ACTIVE_ARCH = YES;
				SDKROOT = iphoneos;
				SWIFT_ACTIVE_COMPILATION_CONDITIONS = "DEBUG $(inherited)";
				SWIFT_EMIT_LOC_STRINGS = YES;
				SWIFT_OPTIMIZATION_LEVEL = "-Onone";
			};
			name = Debug;
		};
		95B45F622D8EB9E500220C32 /* Release */ = {
			isa = XCBuildConfiguration;
			buildSettings = {
				ALWAYS_SEARCH_USER_PATHS = NO;
				ASSETCATALOG_COMPILER_GENERATE_SWIFT_ASSET_SYMBOL_EXTENSIONS = YES;
				CLANG_ANALYZER_NONNULL = YES;
				CLANG_ANALYZER_NUMBER_OBJECT_CONVERSION = YES_AGGRESSIVE;
				CLANG_CXX_LANGUAGE_STANDARD = "gnu++20";
				CLANG_ENABLE_MODULES = YES;
				CLANG_ENABLE_OBJC_ARC = YES;
				CLANG_ENABLE_OBJC_WEAK = YES;
				CLANG_WARN_BLOCK_CAPTURE_AUTORELEASING = YES;
				CLANG_WARN_BOOL_CONVERSION = YES;
				CLANG_WARN_COMMA = YES;
				CLANG_WARN_CONSTANT_CONVERSION = YES;
				CLANG_WARN_DEPRECATED_OBJC_IMPLEMENTATIONS = YES;
				CLANG_WARN_DIRECT_OBJC_ISA_USAGE = YES_ERROR;
				CLANG_WARN_DOCUMENTATION_COMMENTS = YES;
				CLANG_WARN_EMPTY_BODY = YES;
				CLANG_WARN_ENUM_CONVERSION = YES;
				CLANG_WARN_INFINITE_RECURSION = YES;
				CLANG_WARN_INT_CONVERSION = YES;
				CLANG_WARN_NON_LITERAL_NULL_CONVERSION = YES;
				CLANG_WARN_OBJC_IMPLICIT_RETAIN_SELF = YES;
				CLANG_WARN_OBJC_LITERAL_CONVERSION = YES;
				CLANG_WARN_OBJC_ROOT_CLASS = YES_ERROR;
				CLANG_WARN_QUOTED_INCLUDE_IN_FRAMEWORK_HEADER = YES;
				CLANG_WARN_RANGE_LOOP_ANALYSIS = YES;
				CLANG_WARN_STRICT_PROTOTYPES = YES;
				CLANG_WARN_SUSPICIOUS_MOVE = YES;
				CLANG_WARN_UNGUARDED_AVAILABILITY = YES_AGGRESSIVE;
				CLANG_WARN_UNREACHABLE_CODE = YES;
				CLANG_WARN__DUPLICATE_METHOD_MATCH = YES;
				COPY_PHASE_STRIP = NO;
				DEBUG_INFORMATION_FORMAT = "dwarf-with-dsym";
				ENABLE_NS_ASSERTIONS = NO;
				ENABLE_STRICT_OBJC_MSGSEND = YES;
				ENABLE_USER_SCRIPT_SANDBOXING = YES;
				GCC_C_LANGUAGE_STANDARD = gnu17;
				GCC_NO_COMMON_BLOCKS = YES;
				GCC_WARN_64_TO_32_BIT_CONVERSION = YES;
				GCC_WARN_ABOUT_RETURN_TYPE = YES_ERROR;
				GCC_WARN_UNDECLARED_SELECTOR = YES;
				GCC_WARN_UNINITIALIZED_AUTOS = YES_AGGRESSIVE;
				GCC_WARN_UNUSED_FUNCTION = YES;
				GCC_WARN_UNUSED_VARIABLE = YES;
				IPHONEOS_DEPLOYMENT_TARGET = 18.2;
				LOCALIZATION_PREFERS_STRING_CATALOGS = YES;
				MTL_ENABLE_DEBUG_INFO = NO;
				MTL_FAST_MATH = YES;
				SDKROOT = iphoneos;
				SWIFT_COMPILATION_MODE = wholemodule;
				SWIFT_EMIT_LOC_STRINGS = YES;
				VALIDATE_PRODUCT = YES;
			};
			name = Release;
		};
		95B45F642D8EB9E500220C32 /* Debug */ = {
			isa = XCBuildConfiguration;
			buildSettings = {
				ASSETCATALOG_COMPILER_APPICON_NAME = AppIcon;
				ASSETCATALOG_COMPILER_GLOBAL_ACCENT_COLOR_NAME = AccentColor;
				CODE_SIGN_STYLE = Automatic;
				CURRENT_PROJECT_VERSION = 1;
				DEVELOPMENT_ASSET_PATHS = "\"SendMoneyApp/Preview Content\"";
				DEVELOPMENT_TEAM = UAWPYD589U;
				ENABLE_PREVIEWS = YES;
				GENERATE_INFOPLIST_FILE = YES;
				INFOPLIST_KEY_UIApplicationSceneManifest_Generation = YES;
				INFOPLIST_KEY_UIApplicationSupportsIndirectInputEvents = YES;
				INFOPLIST_KEY_UILaunchScreen_Generation = YES;
				INFOPLIST_KEY_UISupportedInterfaceOrientations_iPad = "UIInterfaceOrientationPortrait UIInterfaceOrientationPortraitUpsideDown UIInterfaceOrientationLandscapeLeft UIInterfaceOrientationLandscapeRight";
				INFOPLIST_KEY_UISupportedInterfaceOrientations_iPhone = "UIInterfaceOrientationPortrait UIInterfaceOrientationLandscapeLeft UIInterfaceOrientationLandscapeRight";
				IPHONEOS_DEPLOYMENT_TARGET = 17.6;
				LD_RUNPATH_SEARCH_PATHS = (
					"$(inherited)",
					"@executable_path/Frameworks",
				);
				MARKETING_VERSION = 1.0;
				PRODUCT_BUNDLE_IDENTIFIER = com.finclutech.SendMoneyApp;
				PRODUCT_NAME = "$(TARGET_NAME)";
				SWIFT_EMIT_LOC_STRINGS = YES;
				SWIFT_VERSION = 5.0;
				TARGETED_DEVICE_FAMILY = "1,2";
			};
			name = Debug;
		};
		95B45F652D8EB9E500220C32 /* Release */ = {
			isa = XCBuildConfiguration;
			buildSettings = {
				ASSETCATALOG_COMPILER_APPICON_NAME = AppIcon;
				ASSETCATALOG_COMPILER_GLOBAL_ACCENT_COLOR_NAME = AccentColor;
				CODE_SIGN_STYLE = Automatic;
				CURRENT_PROJECT_VERSION = 1;
				DEVELOPMENT_ASSET_PATHS = "\"SendMoneyApp/Preview Content\"";
				DEVELOPMENT_TEAM = UAWPYD589U;
				ENABLE_PREVIEWS = YES;
				GENERATE_INFOPLIST_FILE = YES;
				INFOPLIST_KEY_UIApplicationSceneManifest_Generation = YES;
				INFOPLIST_KEY_UIApplicationSupportsIndirectInputEvents = YES;
				INFOPLIST_KEY_UILaunchScreen_Generation = YES;
				INFOPLIST_KEY_UISupportedInterfaceOrientations_iPad = "UIInterfaceOrientationPortrait UIInterfaceOrientationPortraitUpsideDown UIInterfaceOrientationLandscapeLeft UIInterfaceOrientationLandscapeRight";
				INFOPLIST_KEY_UISupportedInterfaceOrientations_iPhone = "UIInterfaceOrientationPortrait UIInterfaceOrientationLandscapeLeft UIInterfaceOrientationLandscapeRight";
				IPHONEOS_DEPLOYMENT_TARGET = 17.6;
				LD_RUNPATH_SEARCH_PATHS = (
					"$(inherited)",
					"@executable_path/Frameworks",
				);
				MARKETING_VERSION = 1.0;
				PRODUCT_BUNDLE_IDENTIFIER = com.finclutech.SendMoneyApp;
				PRODUCT_NAME = "$(TARGET_NAME)";
				SWIFT_EMIT_LOC_STRINGS = YES;
				SWIFT_VERSION = 5.0;
				TARGETED_DEVICE_FAMILY = "1,2";
			};
			name = Release;
		};
		95B45F672D8EB9E500220C32 /* Debug */ = {
			isa = XCBuildConfiguration;
			buildSettings = {
				BUNDLE_LOADER = "$(TEST_HOST)";
				CODE_SIGN_STYLE = Automatic;
				CURRENT_PROJECT_VERSION = 1;
				DEVELOPMENT_TEAM = UAWPYD589U;
				GENERATE_INFOPLIST_FILE = YES;
				IPHONEOS_DEPLOYMENT_TARGET = 18.2;
				MARKETING_VERSION = 1.0;
				PRODUCT_BUNDLE_IDENTIFIER = com.finclutech.SendMoneyAppTests;
				PRODUCT_NAME = "$(TARGET_NAME)";
				SWIFT_EMIT_LOC_STRINGS = NO;
				SWIFT_VERSION = 5.0;
				TARGETED_DEVICE_FAMILY = "1,2";
				TEST_HOST = "$(BUILT_PRODUCTS_DIR)/SendMoneyApp.app/$(BUNDLE_EXECUTABLE_FOLDER_PATH)/SendMoneyApp";
			};
			name = Debug;
		};
		95B45F682D8EB9E500220C32 /* Release */ = {
			isa = XCBuildConfiguration;
			buildSettings = {
				BUNDLE_LOADER = "$(TEST_HOST)";
				CODE_SIGN_STYLE = Automatic;
				CURRENT_PROJECT_VERSION = 1;
				DEVELOPMENT_TEAM = UAWPYD589U;
				GENERATE_INFOPLIST_FILE = YES;
				IPHONEOS_DEPLOYMENT_TARGET = 18.2;
				MARKETING_VERSION = 1.0;
				PRODUCT_BUNDLE_IDENTIFIER = com.finclutech.SendMoneyAppTests;
				PRODUCT_NAME = "$(TARGET_NAME)";
				SWIFT_EMIT_LOC_STRINGS = NO;
				SWIFT_VERSION = 5.0;
				TARGETED_DEVICE_FAMILY = "1,2";
				TEST_HOST = "$(BUILT_PRODUCTS_DIR)/SendMoneyApp.app/$(BUNDLE_EXECUTABLE_FOLDER_PATH)/SendMoneyApp";
			};
			name = Release;
		};
		95B45F6A2D8EB9E500220C32 /* Debug */ = {
			isa = XCBuildConfiguration;
			buildSettings = {
				CODE_SIGN_STYLE = Automatic;
				CURRENT_PROJECT_VERSION = 1;
				DEVELOPMENT_TEAM = UAWPYD589U;
				GENERATE_INFOPLIST_FILE = YES;
				MARKETING_VERSION = 1.0;
				PRODUCT_BUNDLE_IDENTIFIER = com.finclutech.SendMoneyAppUITests;
				PRODUCT_NAME = "$(TARGET_NAME)";
				SWIFT_EMIT_LOC_STRINGS = NO;
				SWIFT_VERSION = 5.0;
				TARGETED_DEVICE_FAMILY = "1,2";
				TEST_TARGET_NAME = SendMoneyApp;
			};
			name = Debug;
		};
		95B45F6B2D8EB9E500220C32 /* Release */ = {
			isa = XCBuildConfiguration;
			buildSettings = {
				CODE_SIGN_STYLE = Automatic;
				CURRENT_PROJECT_VERSION = 1;
				DEVELOPMENT_TEAM = UAWPYD589U;
				GENERATE_INFOPLIST_FILE = YES;
				MARKETING_VERSION = 1.0;
				PRODUCT_BUNDLE_IDENTIFIER = com.finclutech.SendMoneyAppUITests;
				PRODUCT_NAME = "$(TARGET_NAME)";
				SWIFT_EMIT_LOC_STRINGS = NO;
				SWIFT_VERSION = 5.0;
				TARGETED_DEVICE_FAMILY = "1,2";
				TEST_TARGET_NAME = SendMoneyApp;
			};
			name = Release;
		};
/* End XCBuildConfiguration section */

/* Begin XCConfigurationList section */
		95B45F382D8EB9E200220C32 /* Build configuration list for PBXProject "SendMoneyApp" */ = {
			isa = XCConfigurationList;
			buildConfigurations = (
				95B45F612D8EB9E500220C32 /* Debug */,
				95B45F622D8EB9E500220C32 /* Release */,
			);
			defaultConfigurationIsVisible = 0;
			defaultConfigurationName = Release;
		};
		95B45F632D8EB9E500220C32 /* Build configuration list for PBXNativeTarget "SendMoneyApp" */ = {
			isa = XCConfigurationList;
			buildConfigurations = (
				95B45F642D8EB9E500220C32 /* Debug */,
				95B45F652D8EB9E500220C32 /* Release */,
			);
			defaultConfigurationIsVisible = 0;
			defaultConfigurationName = Release;
		};
		95B45F662D8EB9E500220C32 /* Build configuration list for PBXNativeTarget "SendMoneyAppTests" */ = {
			isa = XCConfigurationList;
			buildConfigurations = (
				95B45F672D8EB9E500220C32 /* Debug */,
				95B45F682D8EB9E500220C32 /* Release */,
			);
			defaultConfigurationIsVisible = 0;
			defaultConfigurationName = Release;
		};
		95B45F692D8EB9E500220C32 /* Build configuration list for PBXNativeTarget "SendMoneyAppUITests" */ = {
			isa = XCConfigurationList;
			buildConfigurations = (
				95B45F6A2D8EB9E500220C32 /* Debug */,
				95B45F6B2D8EB9E500220C32 /* Release */,
			);
			defaultConfigurationIsVisible = 0;
			defaultConfigurationName = Release;
		};
/* End XCConfigurationList section */
	};
	rootObject = 95B45F352D8EB9E200220C32 /* Project object */;
}
